
Microsoft Visual Studio Solution File, Format Version 12.00
# Visual Studio Version 16
VisualStudioVersion = 16.0.31129.286
MinimumVisualStudioVersion = 10.0.40219.1
Project("{FAE04EC0-301F-11D3-BF4B-00C04F79EFBC}") = "Fluent_Builder_With_Recursive_Generics", "Fluent_Builder_With_Recursive_Generics\Fluent_Builder_With_Recursive_Generics.csproj", "{6F83A356-D81B-45B5-A950-8A7DD90344C5}"
EndProject
Global
	GlobalSection(SolutionConfigurationPlatforms) = preSolution
		Debug|Any CPU = Debug|Any CPU
		Release|Any CPU = Release|Any CPU
	EndGlobalSection
	GlobalSection(ProjectConfigurationPlatforms) = postSolution
		{6F83A356-D81B-45B5-A950-8A7DD90344C5}.Debug|Any CPU.ActiveCfg = Debug|Any CPU
		{6F83A356-D81B-45B5-A950-8A7DD90344C5}.Debug|Any CPU.Build.0 = Debug|Any CPU
		{6F83A356-D81B-45B5-A950-8A7DD90344C5}.Release|Any CPU.ActiveCfg = Release|Any CPU
		{6F83A356-D81B-45B5-A950-8A7DD90344C5}.Release|Any CPU.Build.0 = Release|Any CPU
	EndGlobalSection
	GlobalSection(SolutionProperties) = preSolution
		HideSolutionNode = FALSE
	EndGlobalSection
	GlobalSection(ExtensibilityGlobals) = postSolution
		SolutionGuid = {2219385E-DB2E-4A68-8ED5-D02B81F01BBB}
	EndGlobalSection
EndGlobal
